
Microsoft Visual Studio Solution File, Format Version 12.00
# Visual Studio Version 17
VisualStudioVersion = 17.4.33122.133
MinimumVisualStudioVersion = 10.0.40219.1
Project("{FAE04EC0-301F-11D3-BF4B-00C04F79EFBC}") = "9aprel2", "9aprel2\9aprel2.csproj", "{56CD318B-6A6D-41BA-9050-52C8E1C00740}"
EndProject
Global
	GlobalSection(SolutionConfigurationPlatforms) = preSolution
		Debug|Any CPU = Debug|Any CPU
		Release|Any CPU = Release|Any CPU
	EndGlobalSection
	GlobalSection(ProjectConfigurationPlatforms) = postSolution
		{56CD318B-6A6D-41BA-9050-52C8E1C00740}.Debug|Any CPU.ActiveCfg = Debug|Any CPU
		{56CD318B-6A6D-41BA-9050-52C8E1C00740}.Debug|Any CPU.Build.0 = Debug|Any CPU
		{56CD318B-6A6D-41BA-9050-52C8E1C00740}.Release|Any CPU.ActiveCfg = Release|Any CPU
		{56CD318B-6A6D-41BA-9050-52C8E1C00740}.Release|Any CPU.Build.0 = Release|Any CPU
	EndGlobalSection
	GlobalSection(SolutionProperties) = preSolution
		HideSolutionNode = FALSE
	EndGlobalSection
	GlobalSection(ExtensibilityGlobals) = postSolution
		SolutionGuid = {45F88EBE-3530-4563-9BF6-1211CEEA2593}
	EndGlobalSection
EndGlobal
